// !$*UTF8*$!
{
	archiveVersion = 1;
	classes = {
	};
	objectVersion = 46;
	objects = {

/* Begin PBXBuildFile section */
		8E4CA3D019FF4275002125B4 /* AppDelegate.swift in Sources */ = {isa = PBXBuildFile; fileRef = 8E4CA3CF19FF4275002125B4 /* AppDelegate.swift */; };
		8E4CA3D319FF4275002125B4 /* ppbbox.xcdatamodeld in Sources */ = {isa = PBXBuildFile; fileRef = 8E4CA3D119FF4275002125B4 /* ppbbox.xcdatamodeld */; };
		8E4CA3D519FF4275002125B4 /* ViewController.swift in Sources */ = {isa = PBXBuildFile; fileRef = 8E4CA3D419FF4275002125B4 /* ViewController.swift */; };
		8E4CA3D819FF4275002125B4 /* Main.storyboard in Resources */ = {isa = PBXBuildFile; fileRef = 8E4CA3D619FF4275002125B4 /* Main.storyboard */; };
		8E4CA3DA19FF4275002125B4 /* Images.xcassets in Resources */ = {isa = PBXBuildFile; fileRef = 8E4CA3D919FF4275002125B4 /* Images.xcassets */; };
		8E4CA3DD19FF4275002125B4 /* LaunchScreen.xib in Resources */ = {isa = PBXBuildFile; fileRef = 8E4CA3DB19FF4275002125B4 /* LaunchScreen.xib */; };
		8E4CA3E919FF4275002125B4 /* ppbboxTests.swift in Sources */ = {isa = PBXBuildFile; fileRef = 8E4CA3E819FF4275002125B4 /* ppbboxTests.swift */; };
		8E4CA3F319FF4387002125B4 /* ProductModel.swift in Sources */ = {isa = PBXBuildFile; fileRef = 8E4CA3F219FF4387002125B4 /* ProductModel.swift */; };
		8E4CA3F619FF44E8002125B4 /* InventoryViewController.swift in Sources */ = {isa = PBXBuildFile; fileRef = 8E4CA3F519FF44E8002125B4 /* InventoryViewController.swift */; };
		8E4CA3F919FF459A002125B4 /* ProductCell.swift in Sources */ = {isa = PBXBuildFile; fileRef = 8E4CA3F719FF459A002125B4 /* ProductCell.swift */; };
		8E4CA3FA19FF459A002125B4 /* ProductCell.xib in Resources */ = {isa = PBXBuildFile; fileRef = 8E4CA3F819FF459A002125B4 /* ProductCell.xib */; };
/* End PBXBuildFile section */

/* Begin PBXContainerItemProxy section */
		8E4CA3E319FF4275002125B4 /* PBXContainerItemProxy */ = {
			isa = PBXContainerItemProxy;
			containerPortal = 8E4CA3C219FF4275002125B4 /* Project object */;
			proxyType = 1;
			remoteGlobalIDString = 8E4CA3C919FF4275002125B4;
			remoteInfo = ppbbox;
		};
/* End PBXContainerItemProxy section */

/* Begin PBXFileReference section */
		8E4CA3CA19FF4275002125B4 /* ppbbox.app */ = {isa = PBXFileReference; explicitFileType = wrapper.application; includeInIndex = 0; path = ppbbox.app; sourceTree = BUILT_PRODUCTS_DIR; };
		8E4CA3CE19FF4275002125B4 /* Info.plist */ = {isa = PBXFileReference; lastKnownFileType = text.plist.xml; path = Info.plist; sourceTree = "<group>"; };
		8E4CA3CF19FF4275002125B4 /* AppDelegate.swift */ = {isa = PBXFileReference; lastKnownFileType = sourcecode.swift; path = AppDelegate.swift; sourceTree = "<group>"; };
		8E4CA3D219FF4275002125B4 /* ppbbox.xcdatamodel */ = {isa = PBXFileReference; lastKnownFileType = wrapper.xcdatamodel; path = ppbbox.xcdatamodel; sourceTree = "<group>"; };
		8E4CA3D419FF4275002125B4 /* ViewController.swift */ = {isa = PBXFileReference; lastKnownFileType = sourcecode.swift; path = ViewController.swift; sourceTree = "<group>"; };
		8E4CA3D719FF4275002125B4 /* Base */ = {isa = PBXFileReference; lastKnownFileType = file.storyboard; name = Base; path = Base.lproj/Main.storyboard; sourceTree = "<group>"; };
		8E4CA3D919FF4275002125B4 /* Images.xcassets */ = {isa = PBXFileReference; lastKnownFileType = folder.assetcatalog; path = Images.xcassets; sourceTree = "<group>"; };
		8E4CA3DC19FF4275002125B4 /* Base */ = {isa = PBXFileReference; lastKnownFileType = file.xib; name = Base; path = Base.lproj/LaunchScreen.xib; sourceTree = "<group>"; };
		8E4CA3E219FF4275002125B4 /* ppbboxTests.xctest */ = {isa = PBXFileReference; explicitFileType = wrapper.cfbundle; includeInIndex = 0; path = ppbboxTests.xctest; sourceTree = BUILT_PRODUCTS_DIR; };
		8E4CA3E719FF4275002125B4 /* Info.plist */ = {isa = PBXFileReference; lastKnownFileType = text.plist.xml; path = Info.plist; sourceTree = "<group>"; };
		8E4CA3E819FF4275002125B4 /* ppbboxTests.swift */ = {isa = PBXFileReference; lastKnownFileType = sourcecode.swift; path = ppbboxTests.swift; sourceTree = "<group>"; };
		8E4CA3F219FF4387002125B4 /* ProductModel.swift */ = {isa = PBXFileReference; fileEncoding = 4; lastKnownFileType = sourcecode.swift; path = ProductModel.swift; sourceTree = "<group>"; };
		8E4CA3F519FF44E8002125B4 /* InventoryViewController.swift */ = {isa = PBXFileReference; fileEncoding = 4; lastKnownFileType = sourcecode.swift; path = InventoryViewController.swift; sourceTree = "<group>"; };
		8E4CA3F719FF459A002125B4 /* ProductCell.swift */ = {isa = PBXFileReference; fileEncoding = 4; lastKnownFileType = sourcecode.swift; path = ProductCell.swift; sourceTree = "<group>"; };
		8E4CA3F819FF459A002125B4 /* ProductCell.xib */ = {isa = PBXFileReference; fileEncoding = 4; lastKnownFileType = file.xib; path = ProductCell.xib; sourceTree = "<group>"; };
/* End PBXFileReference section */

/* Begin PBXFrameworksBuildPhase section */
		8E4CA3C719FF4275002125B4 /* Frameworks */ = {
			isa = PBXFrameworksBuildPhase;
			buildActionMask = 2147483647;
			files = (
			);
			runOnlyForDeploymentPostprocessing = 0;
		};
		8E4CA3DF19FF4275002125B4 /* Frameworks */ = {
			isa = PBXFrameworksBuildPhase;
			buildActionMask = 2147483647;
			files = (
			);
			runOnlyForDeploymentPostprocessing = 0;
		};
/* End PBXFrameworksBuildPhase section */

/* Begin PBXGroup section */
		8E4CA3C119FF4275002125B4 = {
			isa = PBXGroup;
			children = (
				8E4CA3CC19FF4275002125B4 /* ppbbox */,
				8E4CA3E519FF4275002125B4 /* ppbboxTests */,
				8E4CA3CB19FF4275002125B4 /* Products */,
			);
			sourceTree = "<group>";
		};
		8E4CA3CB19FF4275002125B4 /* Products */ = {
			isa = PBXGroup;
			children = (
				8E4CA3CA19FF4275002125B4 /* ppbbox.app */,
				8E4CA3E219FF4275002125B4 /* ppbboxTests.xctest */,
			);
			name = Products;
			sourceTree = "<group>";
		};
		8E4CA3CC19FF4275002125B4 /* ppbbox */ = {
			isa = PBXGroup;
			children = (
				8E4CA3F419FF44C1002125B4 /* inventory */,
				8E4CA3CF19FF4275002125B4 /* AppDelegate.swift */,
				8E4CA3D419FF4275002125B4 /* ViewController.swift */,
				8E4CA3D619FF4275002125B4 /* Main.storyboard */,
				8E4CA3D919FF4275002125B4 /* Images.xcassets */,
				8E4CA3DB19FF4275002125B4 /* LaunchScreen.xib */,
				8E4CA3D119FF4275002125B4 /* ppbbox.xcdatamodeld */,
				8E4CA3F219FF4387002125B4 /* ProductModel.swift */,
				8E4CA3CD19FF4275002125B4 /* Supporting Files */,
			);
			path = ppbbox;
			sourceTree = "<group>";
		};
		8E4CA3CD19FF4275002125B4 /* Supporting Files */ = {
			isa = PBXGroup;
			children = (
				8E4CA3CE19FF4275002125B4 /* Info.plist */,
			);
			name = "Supporting Files";
			sourceTree = "<group>";
		};
		8E4CA3E519FF4275002125B4 /* ppbboxTests */ = {
			isa = PBXGroup;
			children = (
				8E4CA3E819FF4275002125B4 /* ppbboxTests.swift */,
				8E4CA3E619FF4275002125B4 /* Supporting Files */,
			);
			path = ppbboxTests;
			sourceTree = "<group>";
		};
		8E4CA3E619FF4275002125B4 /* Supporting Files */ = {
			isa = PBXGroup;
			children = (
				8E4CA3E719FF4275002125B4 /* Info.plist */,
			);
			name = "Supporting Files";
			sourceTree = "<group>";
		};
		8E4CA3F419FF44C1002125B4 /* inventory */ = {
			isa = PBXGroup;
			children = (
				8E4CA3F519FF44E8002125B4 /* InventoryViewController.swift */,
				8E4CA3F719FF459A002125B4 /* ProductCell.swift */,
				8E4CA3F819FF459A002125B4 /* ProductCell.xib */,
			);
			name = inventory;
			sourceTree = "<group>";
		};
/* End PBXGroup section */

/* Begin PBXNativeTarget section */
		8E4CA3C919FF4275002125B4 /* ppbbox */ = {
			isa = PBXNativeTarget;
			buildConfigurationList = 8E4CA3EC19FF4275002125B4 /* Build configuration list for PBXNativeTarget "ppbbox" */;
			buildPhases = (
				8E4CA3C619FF4275002125B4 /* Sources */,
				8E4CA3C719FF4275002125B4 /* Frameworks */,
				8E4CA3C819FF4275002125B4 /* Resources */,
			);
			buildRules = (
			);
			dependencies = (
			);
			name = ppbbox;
			productName = ppbbox;
			productReference = 8E4CA3CA19FF4275002125B4 /* ppbbox.app */;
			productType = "com.apple.product-type.application";
		};
		8E4CA3E119FF4275002125B4 /* ppbboxTests */ = {
			isa = PBXNativeTarget;
			buildConfigurationList = 8E4CA3EF19FF4275002125B4 /* Build configuration list for PBXNativeTarget "ppbboxTests" */;
			buildPhases = (
				8E4CA3DE19FF4275002125B4 /* Sources */,
				8E4CA3DF19FF4275002125B4 /* Frameworks */,
				8E4CA3E019FF4275002125B4 /* Resources */,
			);
			buildRules = (
			);
			dependencies = (
				8E4CA3E419FF4275002125B4 /* PBXTargetDependency */,
			);
			name = ppbboxTests;
			productName = ppbboxTests;
			productReference = 8E4CA3E219FF4275002125B4 /* ppbboxTests.xctest */;
			productType = "com.apple.product-type.bundle.unit-test";
		};
/* End PBXNativeTarget section */

/* Begin PBXProject section */
		8E4CA3C219FF4275002125B4 /* Project object */ = {
			isa = PBXProject;
			attributes = {
				LastUpgradeCheck = 0600;
				ORGANIZATIONNAME = "Arthur Nilo Pangilinan";
				TargetAttributes = {
					8E4CA3C919FF4275002125B4 = {
						CreatedOnToolsVersion = 6.0.1;
					};
					8E4CA3E119FF4275002125B4 = {
						CreatedOnToolsVersion = 6.0.1;
						TestTargetID = 8E4CA3C919FF4275002125B4;
					};
				};
			};
			buildConfigurationList = 8E4CA3C519FF4275002125B4 /* Build configuration list for PBXProject "ppbbox" */;
			compatibilityVersion = "Xcode 3.2";
			developmentRegion = English;
			hasScannedForEncodings = 0;
			knownRegions = (
				en,
				Base,
			);
			mainGroup = 8E4CA3C119FF4275002125B4;
			productRefGroup = 8E4CA3CB19FF4275002125B4 /* Products */;
			projectDirPath = "";
			projectRoot = "";
			targets = (
				8E4CA3C919FF4275002125B4 /* ppbbox */,
				8E4CA3E119FF4275002125B4 /* ppbboxTests */,
			);
		};
/* End PBXProject section */

/* Begin PBXResourcesBuildPhase section */
		8E4CA3C819FF4275002125B4 /* Resources */ = {
			isa = PBXResourcesBuildPhase;
			buildActionMask = 2147483647;
			files = (
				8E4CA3D819FF4275002125B4 /* Main.storyboard in Resources */,
				8E4CA3FA19FF459A002125B4 /* ProductCell.xib in Resources */,
				8E4CA3DD19FF4275002125B4 /* LaunchScreen.xib in Resources */,
				8E4CA3DA19FF4275002125B4 /* Images.xcassets in Resources */,
			);
			runOnlyForDeploymentPostprocessing = 0;
		};
		8E4CA3E019FF4275002125B4 /* Resources */ = {
			isa = PBXResourcesBuildPhase;
			buildActionMask = 2147483647;
			files = (
			);
			runOnlyForDeploymentPostprocessing = 0;
		};
/* End PBXResourcesBuildPhase section */

/* Begin PBXSourcesBuildPhase section */
		8E4CA3C619FF4275002125B4 /* Sources */ = {
			isa = PBXSourcesBuildPhase;
			buildActionMask = 2147483647;
			files = (
				8E4CA3D519FF4275002125B4 /* ViewController.swift in Sources */,
				8E4CA3D319FF4275002125B4 /* ppbbox.xcdatamodeld in Sources */,
				8E4CA3F619FF44E8002125B4 /* InventoryViewController.swift in Sources */,
				8E4CA3F919FF459A002125B4 /* ProductCell.swift in Sources */,
				8E4CA3D019FF4275002125B4 /* AppDelegate.swift in Sources */,
				8E4CA3F319FF4387002125B4 /* ProductModel.swift in Sources */,
			);
			runOnlyForDeploymentPostprocessing = 0;
		};
		8E4CA3DE19FF4275002125B4 /* Sources */ = {
			isa = PBXSourcesBuildPhase;
			buildActionMask = 2147483647;
			files = (
				8E4CA3E919FF4275002125B4 /* ppbboxTests.swift in Sources */,
			);
			runOnlyForDeploymentPostprocessing = 0;
		};
/* End PBXSourcesBuildPhase section */

/* Begin PBXTargetDependency section */
		8E4CA3E419FF4275002125B4 /* PBXTargetDependency */ = {
			isa = PBXTargetDependency;
			target = 8E4CA3C919FF4275002125B4 /* ppbbox */;
			targetProxy = 8E4CA3E319FF4275002125B4 /* PBXContainerItemProxy */;
		};
/* End PBXTargetDependency section */

/* Begin PBXVariantGroup section */
		8E4CA3D619FF4275002125B4 /* Main.storyboard */ = {
			isa = PBXVariantGroup;
			children = (
				8E4CA3D719FF4275002125B4 /* Base */,
			);
			name = Main.storyboard;
			sourceTree = "<group>";
		};
		8E4CA3DB19FF4275002125B4 /* LaunchScreen.xib */ = {
			isa = PBXVariantGroup;
			children = (
				8E4CA3DC19FF4275002125B4 /* Base */,
			);
			name = LaunchScreen.xib;
			sourceTree = "<group>";
		};
/* End PBXVariantGroup section */

/* Begin XCBuildConfiguration section */
		8E4CA3EA19FF4275002125B4 /* Debug */ = {
			isa = XCBuildConfiguration;
			buildSettings = {
				ALWAYS_SEARCH_USER_PATHS = NO;
				CLANG_CXX_LANGUAGE_STANDARD = "gnu++0x";
				CLANG_CXX_LIBRARY = "libc++";
				CLANG_ENABLE_MODULES = YES;
				CLANG_ENABLE_OBJC_ARC = YES;
				CLANG_WARN_BOOL_CONVERSION = YES;
				CLANG_WARN_CONSTANT_CONVERSION = YES;
				CLANG_WARN_DIRECT_OBJC_ISA_USAGE = YES_ERROR;
				CLANG_WARN_EMPTY_BODY = YES;
				CLANG_WARN_ENUM_CONVERSION = YES;
				CLANG_WARN_INT_CONVERSION = YES;
				CLANG_WARN_OBJC_ROOT_CLASS = YES_ERROR;
				CLANG_WARN_UNREACHABLE_CODE = YES;
				CLANG_WARN__DUPLICATE_METHOD_MATCH = YES;
				"CODE_SIGN_IDENTITY[sdk=iphoneos*]" = "iPhone Developer";
				COPY_PHASE_STRIP = NO;
				ENABLE_STRICT_OBJC_MSGSEND = YES;
				GCC_C_LANGUAGE_STANDARD = gnu99;
				GCC_DYNAMIC_NO_PIC = NO;
				GCC_OPTIMIZATION_LEVEL = 0;
				GCC_PREPROCESSOR_DEFINITIONS = (
					"DEBUG=1",
					"$(inherited)",
				);
				GCC_SYMBOLS_PRIVATE_EXTERN = NO;
				GCC_WARN_64_TO_32_BIT_CONVERSION = YES;
				GCC_WARN_ABOUT_RETURN_TYPE = YES_ERROR;
				GCC_WARN_UNDECLARED_SELECTOR = YES;
				GCC_WARN_UNINITIALIZED_AUTOS = YES_AGGRESSIVE;
				GCC_WARN_UNUSED_FUNCTION = YES;
				GCC_WARN_UNUSED_VARIABLE = YES;
				IPHONEOS_DEPLOYMENT_TARGET = 8.0;
				MTL_ENABLE_DEBUG_INFO = YES;
				ONLY_ACTIVE_ARCH = YES;
				SDKROOT = iphoneos;
				SWIFT_OPTIMIZATION_LEVEL = "-Onone";
			};
			name = Debug;
		};
		8E4CA3EB19FF4275002125B4 /* Release */ = {
			isa = XCBuildConfiguration;
			buildSettings = {
				ALWAYS_SEARCH_USER_PATHS = NO;
				CLANG_CXX_LANGUAGE_STANDARD = "gnu++0x";
				CLANG_CXX_LIBRARY = "libc++";
				CLANG_ENABLE_MODULES = YES;
				CLANG_ENABLE_OBJC_ARC = YES;
				CLANG_WARN_BOOL_CONVERSION = YES;
				CLANG_WARN_CONSTANT_CONVERSION = YES;
				CLANG_WARN_DIRECT_OBJC_ISA_USAGE = YES_ERROR;
				CLANG_WARN_EMPTY_BODY = YES;
				CLANG_WARN_ENUM_CONVERSION = YES;
				CLANG_WARN_INT_CONVERSION = YES;
				CLANG_WARN_OBJC_ROOT_CLASS = YES_ERROR;
				CLANG_WARN_UNREACHABLE_CODE = YES;
				CLANG_WARN__DUPLICATE_METHOD_MATCH = YES;
				"CODE_SIGN_IDENTITY[sdk=iphoneos*]" = "iPhone Developer";
				COPY_PHASE_STRIP = YES;
				ENABLE_NS_ASSERTIONS = NO;
				ENABLE_STRICT_OBJC_MSGSEND = YES;
				GCC_C_LANGUAGE_STANDARD = gnu99;
				GCC_WARN_64_TO_32_BIT_CONVERSION = YES;
				GCC_WARN_ABOUT_RETURN_TYPE = YES_ERROR;
				GCC_WARN_UNDECLARED_SELECTOR = YES;
				GCC_WARN_UNINITIALIZED_AUTOS = YES_AGGRESSIVE;
				GCC_WARN_UNUSED_FUNCTION = YES;
				GCC_WARN_UNUSED_VARIABLE = YES;
				IPHONEOS_DEPLOYMENT_TARGET = 8.0;
				MTL_ENABLE_DEBUG_INFO = NO;
				SDKROOT = iphoneos;
				VALIDATE_PRODUCT = YES;
			};
			name = Release;
		};
		8E4CA3ED19FF4275002125B4 /* Debug */ = {
			isa = XCBuildConfiguration;
			buildSettings = {
				ASSETCATALOG_COMPILER_APPICON_NAME = AppIcon;
				INFOPLIST_FILE = ppbbox/Info.plist;
				LD_RUNPATH_SEARCH_PATHS = "$(inherited) @executable_path/Frameworks";
				PRODUCT_NAME = "$(TARGET_NAME)";
			};
			name = Debug;
		};
		8E4CA3EE19FF4275002125B4 /* Release */ = {
			isa = XCBuildConfiguration;
			buildSettings = {
				ASSETCATALOG_COMPILER_APPICON_NAME = AppIcon;
				INFOPLIST_FILE = ppbbox/Info.plist;
				LD_RUNPATH_SEARCH_PATHS = "$(inherited) @executable_path/Frameworks";
				PRODUCT_NAME = "$(TARGET_NAME)";
			};
			name = Release;
		};
		8E4CA3F019FF4275002125B4 /* Debug */ = {
			isa = XCBuildConfiguration;
			buildSettings = {
				BUNDLE_LOADER = "$(TEST_HOST)";
				FRAMEWORK_SEARCH_PATHS = (
					"$(SDKROOT)/Developer/Library/Frameworks",
					"$(inherited)",
				);
				GCC_PREPROCESSOR_DEFINITIONS = (
					"DEBUG=1",
					"$(inherited)",
				);
				INFOPLIST_FILE = ppbboxTests/Info.plist;
				LD_RUNPATH_SEARCH_PATHS = "$(inherited) @executable_path/Frameworks @loader_path/Frameworks";
				PRODUCT_NAME = "$(TARGET_NAME)";
				TEST_HOST = "$(BUILT_PRODUCTS_DIR)/ppbbox.app/ppbbox";
			};
			name = Debug;
		};
		8E4CA3F119FF4275002125B4 /* Release */ = {
			isa = XCBuildConfiguration;
			buildSettings = {
				BUNDLE_LOADER = "$(TEST_HOST)";
				FRAMEWORK_SEARCH_PATHS = (
					"$(SDKROOT)/Developer/Library/Frameworks",
					"$(inherited)",
				);
				INFOPLIST_FILE = ppbboxTests/Info.plist;
				LD_RUNPATH_SEARCH_PATHS = "$(inherited) @executable_path/Frameworks @loader_path/Frameworks";
				PRODUCT_NAME = "$(TARGET_NAME)";
				TEST_HOST = "$(BUILT_PRODUCTS_DIR)/ppbbox.app/ppbbox";
			};
			name = Release;
		};
/* End XCBuildConfiguration section */

/* Begin XCConfigurationList section */
		8E4CA3C519FF4275002125B4 /* Build configuration list for PBXProject "ppbbox" */ = {
			isa = XCConfigurationList;
			buildConfigurations = (
				8E4CA3EA19FF4275002125B4 /* Debug */,
				8E4CA3EB19FF4275002125B4 /* Release */,
			);
			defaultConfigurationIsVisible = 0;
			defaultConfigurationName = Release;
		};
		8E4CA3EC19FF4275002125B4 /* Build configuration list for PBXNativeTarget "ppbbox" */ = {
			isa = XCConfigurationList;
			buildConfigurations = (
				8E4CA3ED19FF4275002125B4 /* Debug */,
				8E4CA3EE19FF4275002125B4 /* Release */,
			);
			defaultConfigurationIsVisible = 0;
		};
		8E4CA3EF19FF4275002125B4 /* Build configuration list for PBXNativeTarget "ppbboxTests" */ = {
			isa = XCConfigurationList;
			buildConfigurations = (
				8E4CA3F019FF4275002125B4 /* Debug */,
				8E4CA3F119FF4275002125B4 /* Release */,
			);
			defaultConfigurationIsVisible = 0;
		};
/* End XCConfigurationList section */

/* Begin XCVersionGroup section */
		8E4CA3D119FF4275002125B4 /* ppbbox.xcdatamodeld */ = {
			isa = XCVersionGroup;
			children = (
				8E4CA3D219FF4275002125B4 /* ppbbox.xcdatamodel */,
			);
			currentVersion = 8E4CA3D219FF4275002125B4 /* ppbbox.xcdatamodel */;
			path = ppbbox.xcdatamodeld;
			sourceTree = "<group>";
			versionGroupType = wrapper.xcdatamodel;
		};
/* End XCVersionGroup section */
	};
	rootObject = 8E4CA3C219FF4275002125B4 /* Project object */;
}
